
Microsoft Visual Studio Solution File, Format Version 12.00
# Visual Studio Version 17
VisualStudioVersion = 17.0.32002.185
MinimumVisualStudioVersion = 10.0.40219.1
Project("{FAE04EC0-301F-11D3-BF4B-00C04F79EFBC}") = "Puissance4", "Puissance4\Puissance4.csproj", "{0BBF46F7-B0C0-4681-8EAF-552D92C1D491}"
EndProject
Global
	GlobalSection(SolutionConfigurationPlatforms) = preSolution
		Debug|Any CPU = Debug|Any CPU
		Release|Any CPU = Release|Any CPU
	EndGlobalSection
	GlobalSection(ProjectConfigurationPlatforms) = postSolution
		{0BBF46F7-B0C0-4681-8EAF-552D92C1D491}.Debug|Any CPU.ActiveCfg = Debug|Any CPU
		{0BBF46F7-B0C0-4681-8EAF-552D92C1D491}.Debug|Any CPU.Build.0 = Debug|Any CPU
		{0BBF46F7-B0C0-4681-8EAF-552D92C1D491}.Release|Any CPU.ActiveCfg = Release|Any CPU
		{0BBF46F7-B0C0-4681-8EAF-552D92C1D491}.Release|Any CPU.Build.0 = Release|Any CPU
	EndGlobalSection
	GlobalSection(SolutionProperties) = preSolution
		HideSolutionNode = FALSE
	EndGlobalSection
	GlobalSection(ExtensibilityGlobals) = postSolution
		SolutionGuid = {F82466E3-0403-4F7C-8BA7-5C0BF706098F}
	EndGlobalSection
EndGlobal
